{
    "_meta": {
        "hash": {
            "sha256": "35ae7c4feb2b64b9f15607565113c2775f7c6dbf3118f85d1a27eefe3ca8c19e"
        },
        "pipfile-spec": 6,
        "requires": {
            "python_version": "3.6"
        },
        "sources": [
            {
                "name": "pypi",
                "url": "https://pypi.org/simple",
                "verify_ssl": true
            }
        ]
    },
    "default": {
        "docopt": {
            "hashes": [
                "sha256:49b3a825280bd66b3aa83585ef59c4a8c82f2c8a522dbe754a8bc8d08c85c491"
            ],
            "version": "==0.6.2"
        },
        "importlib-metadata": {
            "hashes": [
                "sha256:06f5b3a99029c7134207dd882428a66992a9de2bef7c2b699b5641f9886c3302",
                "sha256:b97607a1a18a5100839aec1dc26a1ea17ee0d93b20b0f008d80a5a050afb200b"
            ],
            "markers": "python_version < '3.8'",
            "version": "==1.5.0"
        },
        "path": {
            "hashes": [
                "sha256:41f0db0b6e32b3fc33c0bede630f6b58c7790af3a27c899e0c7ff69143d8696d",
                "sha256:97249b37e5e4017429a780920147200a2215e268c1a18fa549fec0b654ce99b7"
            ],
            "version": "==13.1.0"
        },
        "path.py": {
            "hashes": [
                "sha256:6647ca22523f5e868b110cc3d958be01aa92e662a8241e464f7416779427bf3e",
                "sha256:c88fb6073b955b2b2c9f3da61b94a2a4c61d722b776b562c26f29e05425eb55a"
            ],
            "index": "pypi",
            "version": "==12.4.0"
        },
        "python-levenshtein": {
            "hashes": [
                "sha256:033a11de5e3d19ea25c9302d11224e1a1898fe5abd23c61c7c360c25195e3eb1"
            ],
            "index": "pypi",
            "version": "==0.12.0"
        },
        "webvtt-py": {
            "hashes": [
                "sha256:30343d02dc4a3b760a4d8384230dde618eaa432ba12a82034765599d7db50fc7"
            ],
            "index": "pypi",
            "version": "==0.4.3"
        },
        "youtube-dl": {
            "hashes": [
                "sha256:4b2d3f29c0995b3351cc48511fa9d76a9d925468ddecc6fe27abbcb6ef08deaa",
                "sha256:fe617fa21730da7b5200b7655737c54ba4e4cf0978a2a7adcfb2ea6c679b7f8a"
            ],
            "index": "pypi",
            "version": "==2020.3.1"
        },
        "zipp": {
            "hashes": [
                "sha256:12248a63bbdf7548f89cb4c7cda4681e537031eda29c02ea29674bc6854460c2",
                "sha256:7c0f8e91abc0dc07a5068f315c52cb30c66bfbc581e5b50704c8a2f6ebae794a"
            ],
            "version": "==3.0.0"
        }
    },
    "develop": {}
}
